
Microsoft Visual Studio Solution File, Format Version 12.00
# Visual Studio 15
VisualStudioVersion = 15.0.27004.2005
MinimumVisualStudioVersion = 10.0.40219.1
Project("{FAE04EC0-301F-11D3-BF4B-00C04F79EFBC}") = "test1234", "test1234\test1234.csproj", "{C58E888B-9C90-4667-BEB0-ABFBF7B01326}"
EndProject
Global
	GlobalSection(SolutionConfigurationPlatforms) = preSolution
		Debug|Any CPU = Debug|Any CPU
		Release|Any CPU = Release|Any CPU
	EndGlobalSection
	GlobalSection(ProjectConfigurationPlatforms) = postSolution
		{C58E888B-9C90-4667-BEB0-ABFBF7B01326}.Debug|Any CPU.ActiveCfg = Debug|Any CPU
		{C58E888B-9C90-4667-BEB0-ABFBF7B01326}.Debug|Any CPU.Build.0 = Debug|Any CPU
		{C58E888B-9C90-4667-BEB0-ABFBF7B01326}.Release|Any CPU.ActiveCfg = Release|Any CPU
		{C58E888B-9C90-4667-BEB0-ABFBF7B01326}.Release|Any CPU.Build.0 = Release|Any CPU
	EndGlobalSection
	GlobalSection(SolutionProperties) = preSolution
		HideSolutionNode = FALSE
	EndGlobalSection
	GlobalSection(ExtensibilityGlobals) = postSolution
		SolutionGuid = {9A593E2B-43E5-4817-976F-68B1ABD36CE7}
	EndGlobalSection
EndGlobal
